{
  "name": "git-mono-test-root",
  "lockfileVersion": 3,
  "requires": true,
  "packages": {
    "": {
      "name": "git-mono-test-root",
      "workspaces": [
        "packages/*"
      ]
    },
    "node_modules/git-mono-test-a": {
      "resolved": "packages/a",
      "link": true
    },
    "node_modules/git-mono-test-b": {
      "resolved": "packages/b",
      "link": true
    },
    "node_modules/git-mono-test-c": {
      "resolved": "packages/c",
      "link": true
    },
    "packages/a": {
      "name": "git-mono-test-a"
    },
    "packages/b": {
      "name": "git-mono-test-b"
    },
    "packages/c": {
      "name": "git-mono-test-c"
    }
  }
}
